// !$*UTF8*$!
{
	archiveVersion = 1;
	classes = {
	};
	objectVersion = 51;
	objects = {

/* Begin PBXBuildFile section */
		B866B99A243081A6AC32E46F /* libPods-FGMDTestDemo.a in Frameworks */ = {isa = PBXBuildFile; fileRef = 3D6ED2547D2B2F1451F95C9E /* libPods-FGMDTestDemo.a */; };
		F5A6A7382554F64200A87FA1 /* FGMDHomeListTableViewCell.m in Sources */ = {isa = PBXBuildFile; fileRef = F5A6A7372554F64200A87FA1 /* FGMDHomeListTableViewCell.m */; };
		F5A6A7672555220800A87FA1 /* FGMDTableIMP.m in Sources */ = {isa = PBXBuildFile; fileRef = F5A6A7662555220800A87FA1 /* FGMDTableIMP.m */; };
		F5A6A76E2555319600A87FA1 /* UIControl+collectEvent.m in Sources */ = {isa = PBXBuildFile; fileRef = F5A6A76D2555319600A87FA1 /* UIControl+collectEvent.m */; };
		F5A6A7772555416600A87FA1 /* FGMDTargetActionViewController.m in Sources */ = {isa = PBXBuildFile; fileRef = F5A6A7762555416600A87FA1 /* FGMDTargetActionViewController.m */; };
		F5A6A77D2555551C00A87FA1 /* UIViewController+FGMD.m in Sources */ = {isa = PBXBuildFile; fileRef = F5A6A77C2555551C00A87FA1 /* UIViewController+FGMD.m */; };
		F5A6A7832555552C00A87FA1 /* UIView+FGMD.m in Sources */ = {isa = PBXBuildFile; fileRef = F5A6A7822555552C00A87FA1 /* UIView+FGMD.m */; };
		F5A6A78A2555700C00A87FA1 /* FGMDConfig.m in Sources */ = {isa = PBXBuildFile; fileRef = F5A6A7892555700C00A87FA1 /* FGMDConfig.m */; };
		F5A6A7932555736A00A87FA1 /* FGMDHandleView.m in Sources */ = {isa = PBXBuildFile; fileRef = F5A6A7922555736A00A87FA1 /* FGMDHandleView.m */; };
		F5A6A7992556969000A87FA1 /* UIScrollView+collectEvent.m in Sources */ = {isa = PBXBuildFile; fileRef = F5A6A7982556969000A87FA1 /* UIScrollView+collectEvent.m */; };
		F5A6A7A525569DA700A87FA1 /* NSObject+runtime.m in Sources */ = {isa = PBXBuildFile; fileRef = F5A6A7A425569DA700A87FA1 /* NSObject+runtime.m */; };
		F5E3F15C2553E6320059B056 /* AppDelegate.m in Sources */ = {isa = PBXBuildFile; fileRef = F5E3F15B2553E6320059B056 /* AppDelegate.m */; };
		F5E3F15F2553E6320059B056 /* SceneDelegate.m in Sources */ = {isa = PBXBuildFile; fileRef = F5E3F15E2553E6320059B056 /* SceneDelegate.m */; };
		F5E3F1652553E6320059B056 /* Main.storyboard in Resources */ = {isa = PBXBuildFile; fileRef = F5E3F1632553E6320059B056 /* Main.storyboard */; };
		F5E3F1672553E6350059B056 /* Assets.xcassets in Resources */ = {isa = PBXBuildFile; fileRef = F5E3F1662553E6350059B056 /* Assets.xcassets */; };
		F5E3F16A2553E6350059B056 /* LaunchScreen.storyboard in Resources */ = {isa = PBXBuildFile; fileRef = F5E3F1682553E6350059B056 /* LaunchScreen.storyboard */; };
		F5E3F16D2553E6350059B056 /* main.m in Sources */ = {isa = PBXBuildFile; fileRef = F5E3F16C2553E6350059B056 /* main.m */; };
		F5E3F1772553E6350059B056 /* FGMDTestDemoTests.m in Sources */ = {isa = PBXBuildFile; fileRef = F5E3F1762553E6350059B056 /* FGMDTestDemoTests.m */; };
		F5E3F1822553E6350059B056 /* FGMDTestDemoUITests.m in Sources */ = {isa = PBXBuildFile; fileRef = F5E3F1812553E6350059B056 /* FGMDTestDemoUITests.m */; };
		F5E3F1A62553F6F80059B056 /* FGMDHomeListVC.m in Sources */ = {isa = PBXBuildFile; fileRef = F5E3F1A52553F6F80059B056 /* FGMDHomeListVC.m */; };
/* End PBXBuildFile section */

/* Begin PBXContainerItemProxy section */
		F5E3F1732553E6350059B056 /* PBXContainerItemProxy */ = {
			isa = PBXContainerItemProxy;
			containerPortal = F5E3F14F2553E6320059B056 /* Project object */;
			proxyType = 1;
			remoteGlobalIDString = F5E3F1562553E6320059B056;
			remoteInfo = FGMDTestDemo;
		};
		F5E3F17E2553E6350059B056 /* PBXContainerItemProxy */ = {
			isa = PBXContainerItemProxy;
			containerPortal = F5E3F14F2553E6320059B056 /* Project object */;
			proxyType = 1;
			remoteGlobalIDString = F5E3F1562553E6320059B056;
			remoteInfo = FGMDTestDemo;
		};
/* End PBXContainerItemProxy section */

/* Begin PBXFileReference section */
		3D6ED2547D2B2F1451F95C9E /* libPods-FGMDTestDemo.a */ = {isa = PBXFileReference; explicitFileType = archive.ar; includeInIndex = 0; path = "libPods-FGMDTestDemo.a"; sourceTree = BUILT_PRODUCTS_DIR; };
		4D73085DF4518FD7976F3CA3 /* Pods-FGMDTestDemo.debug.xcconfig */ = {isa = PBXFileReference; includeInIndex = 1; lastKnownFileType = text.xcconfig; name = "Pods-FGMDTestDemo.debug.xcconfig"; path = "Target Support Files/Pods-FGMDTestDemo/Pods-FGMDTestDemo.debug.xcconfig"; sourceTree = "<group>"; };
		DF41F9F0F30E26C38D0A5331 /* Pods-FGMDTestDemo.release.xcconfig */ = {isa = PBXFileReference; includeInIndex = 1; lastKnownFileType = text.xcconfig; name = "Pods-FGMDTestDemo.release.xcconfig"; path = "Target Support Files/Pods-FGMDTestDemo/Pods-FGMDTestDemo.release.xcconfig"; sourceTree = "<group>"; };
		F5A6A7362554F64200A87FA1 /* FGMDHomeListTableViewCell.h */ = {isa = PBXFileReference; lastKnownFileType = sourcecode.c.h; path = FGMDHomeListTableViewCell.h; sourceTree = "<group>"; };
		F5A6A7372554F64200A87FA1 /* FGMDHomeListTableViewCell.m */ = {isa = PBXFileReference; lastKnownFileType = sourcecode.c.objc; path = FGMDHomeListTableViewCell.m; sourceTree = "<group>"; };
		F5A6A73C2554F7B600A87FA1 /* FGMDDemoPrefixHeader.pch */ = {isa = PBXFileReference; lastKnownFileType = sourcecode.c.h; path = FGMDDemoPrefixHeader.pch; sourceTree = "<group>"; };
		F5A6A7652555220800A87FA1 /* FGMDTableIMP.h */ = {isa = PBXFileReference; lastKnownFileType = sourcecode.c.h; path = FGMDTableIMP.h; sourceTree = "<group>"; };
		F5A6A7662555220800A87FA1 /* FGMDTableIMP.m */ = {isa = PBXFileReference; lastKnownFileType = sourcecode.c.objc; path = FGMDTableIMP.m; sourceTree = "<group>"; };
		F5A6A76C2555319600A87FA1 /* UIControl+collectEvent.h */ = {isa = PBXFileReference; lastKnownFileType = sourcecode.c.h; path = "UIControl+collectEvent.h"; sourceTree = "<group>"; };
		F5A6A76D2555319600A87FA1 /* UIControl+collectEvent.m */ = {isa = PBXFileReference; lastKnownFileType = sourcecode.c.objc; path = "UIControl+collectEvent.m"; sourceTree = "<group>"; };
		F5A6A7752555416600A87FA1 /* FGMDTargetActionViewController.h */ = {isa = PBXFileReference; lastKnownFileType = sourcecode.c.h; path = FGMDTargetActionViewController.h; sourceTree = "<group>"; };
		F5A6A7762555416600A87FA1 /* FGMDTargetActionViewController.m */ = {isa = PBXFileReference; lastKnownFileType = sourcecode.c.objc; path = FGMDTargetActionViewController.m; sourceTree = "<group>"; };
		F5A6A77B2555551C00A87FA1 /* UIViewController+FGMD.h */ = {isa = PBXFileReference; lastKnownFileType = sourcecode.c.h; path = "UIViewController+FGMD.h"; sourceTree = "<group>"; };
		F5A6A77C2555551C00A87FA1 /* UIViewController+FGMD.m */ = {isa = PBXFileReference; lastKnownFileType = sourcecode.c.objc; path = "UIViewController+FGMD.m"; sourceTree = "<group>"; };
		F5A6A7812555552C00A87FA1 /* UIView+FGMD.h */ = {isa = PBXFileReference; lastKnownFileType = sourcecode.c.h; path = "UIView+FGMD.h"; sourceTree = "<group>"; };
		F5A6A7822555552C00A87FA1 /* UIView+FGMD.m */ = {isa = PBXFileReference; lastKnownFileType = sourcecode.c.objc; path = "UIView+FGMD.m"; sourceTree = "<group>"; };
		F5A6A7882555700C00A87FA1 /* FGMDConfig.h */ = {isa = PBXFileReference; lastKnownFileType = sourcecode.c.h; path = FGMDConfig.h; sourceTree = "<group>"; };
		F5A6A7892555700C00A87FA1 /* FGMDConfig.m */ = {isa = PBXFileReference; lastKnownFileType = sourcecode.c.objc; path = FGMDConfig.m; sourceTree = "<group>"; };
		F5A6A7912555736A00A87FA1 /* FGMDHandleView.h */ = {isa = PBXFileReference; lastKnownFileType = sourcecode.c.h; path = FGMDHandleView.h; sourceTree = "<group>"; };
		F5A6A7922555736A00A87FA1 /* FGMDHandleView.m */ = {isa = PBXFileReference; lastKnownFileType = sourcecode.c.objc; path = FGMDHandleView.m; sourceTree = "<group>"; };
		F5A6A7972556969000A87FA1 /* UIScrollView+collectEvent.h */ = {isa = PBXFileReference; lastKnownFileType = sourcecode.c.h; path = "UIScrollView+collectEvent.h"; sourceTree = "<group>"; };
		F5A6A7982556969000A87FA1 /* UIScrollView+collectEvent.m */ = {isa = PBXFileReference; lastKnownFileType = sourcecode.c.objc; path = "UIScrollView+collectEvent.m"; sourceTree = "<group>"; };
		F5A6A7A325569DA700A87FA1 /* NSObject+runtime.h */ = {isa = PBXFileReference; lastKnownFileType = sourcecode.c.h; path = "NSObject+runtime.h"; sourceTree = "<group>"; };
		F5A6A7A425569DA700A87FA1 /* NSObject+runtime.m */ = {isa = PBXFileReference; lastKnownFileType = sourcecode.c.objc; path = "NSObject+runtime.m"; sourceTree = "<group>"; };
		F5E3F1572553E6320059B056 /* FGMDTestDemo.app */ = {isa = PBXFileReference; explicitFileType = wrapper.application; includeInIndex = 0; path = FGMDTestDemo.app; sourceTree = BUILT_PRODUCTS_DIR; };
		F5E3F15A2553E6320059B056 /* AppDelegate.h */ = {isa = PBXFileReference; lastKnownFileType = sourcecode.c.h; path = AppDelegate.h; sourceTree = "<group>"; };
		F5E3F15B2553E6320059B056 /* AppDelegate.m */ = {isa = PBXFileReference; lastKnownFileType = sourcecode.c.objc; path = AppDelegate.m; sourceTree = "<group>"; };
		F5E3F15D2553E6320059B056 /* SceneDelegate.h */ = {isa = PBXFileReference; lastKnownFileType = sourcecode.c.h; path = SceneDelegate.h; sourceTree = "<group>"; };
		F5E3F15E2553E6320059B056 /* SceneDelegate.m */ = {isa = PBXFileReference; lastKnownFileType = sourcecode.c.objc; path = SceneDelegate.m; sourceTree = "<group>"; };
		F5E3F1642553E6320059B056 /* Base */ = {isa = PBXFileReference; lastKnownFileType = file.storyboard; name = Base; path = Base.lproj/Main.storyboard; sourceTree = "<group>"; };
		F5E3F1662553E6350059B056 /* Assets.xcassets */ = {isa = PBXFileReference; lastKnownFileType = folder.assetcatalog; path = Assets.xcassets; sourceTree = "<group>"; };
		F5E3F1692553E6350059B056 /* Base */ = {isa = PBXFileReference; lastKnownFileType = file.storyboard; name = Base; path = Base.lproj/LaunchScreen.storyboard; sourceTree = "<group>"; };
		F5E3F16B2553E6350059B056 /* Info.plist */ = {isa = PBXFileReference; lastKnownFileType = text.plist.xml; path = Info.plist; sourceTree = "<group>"; };
		F5E3F16C2553E6350059B056 /* main.m */ = {isa = PBXFileReference; lastKnownFileType = sourcecode.c.objc; path = main.m; sourceTree = "<group>"; };
		F5E3F1722553E6350059B056 /* FGMDTestDemoTests.xctest */ = {isa = PBXFileReference; explicitFileType = wrapper.cfbundle; includeInIndex = 0; path = FGMDTestDemoTests.xctest; sourceTree = BUILT_PRODUCTS_DIR; };
		F5E3F1762553E6350059B056 /* FGMDTestDemoTests.m */ = {isa = PBXFileReference; lastKnownFileType = sourcecode.c.objc; path = FGMDTestDemoTests.m; sourceTree = "<group>"; };
		F5E3F1782553E6350059B056 /* Info.plist */ = {isa = PBXFileReference; lastKnownFileType = text.plist.xml; path = Info.plist; sourceTree = "<group>"; };
		F5E3F17D2553E6350059B056 /* FGMDTestDemoUITests.xctest */ = {isa = PBXFileReference; explicitFileType = wrapper.cfbundle; includeInIndex = 0; path = FGMDTestDemoUITests.xctest; sourceTree = BUILT_PRODUCTS_DIR; };
		F5E3F1812553E6350059B056 /* FGMDTestDemoUITests.m */ = {isa = PBXFileReference; lastKnownFileType = sourcecode.c.objc; path = FGMDTestDemoUITests.m; sourceTree = "<group>"; };
		F5E3F1832553E6350059B056 /* Info.plist */ = {isa = PBXFileReference; lastKnownFileType = text.plist.xml; path = Info.plist; sourceTree = "<group>"; };
		F5E3F1A42553F6F80059B056 /* FGMDHomeListVC.h */ = {isa = PBXFileReference; lastKnownFileType = sourcecode.c.h; path = FGMDHomeListVC.h; sourceTree = "<group>"; };
		F5E3F1A52553F6F80059B056 /* FGMDHomeListVC.m */ = {isa = PBXFileReference; lastKnownFileType = sourcecode.c.objc; path = FGMDHomeListVC.m; sourceTree = "<group>"; };
/* End PBXFileReference section */

/* Begin PBXFrameworksBuildPhase section */
		F5E3F1542553E6320059B056 /* Frameworks */ = {
			isa = PBXFrameworksBuildPhase;
			buildActionMask = 2147483647;
			files = (
				B866B99A243081A6AC32E46F /* libPods-FGMDTestDemo.a in Frameworks */,
			);
			runOnlyForDeploymentPostprocessing = 0;
		};
		F5E3F16F2553E6350059B056 /* Frameworks */ = {
			isa = PBXFrameworksBuildPhase;
			buildActionMask = 2147483647;
			files = (
			);
			runOnlyForDeploymentPostprocessing = 0;
		};
		F5E3F17A2553E6350059B056 /* Frameworks */ = {
			isa = PBXFrameworksBuildPhase;
			buildActionMask = 2147483647;
			files = (
			);
			runOnlyForDeploymentPostprocessing = 0;
		};
/* End PBXFrameworksBuildPhase section */

/* Begin PBXGroup section */
		582BE374045ED5F71AD99591 /* Frameworks */ = {
			isa = PBXGroup;
			children = (
				3D6ED2547D2B2F1451F95C9E /* libPods-FGMDTestDemo.a */,
			);
			name = Frameworks;
			sourceTree = "<group>";
		};
		ACF1CE4753E4443C21A09295 /* Pods */ = {
			isa = PBXGroup;
			children = (
				4D73085DF4518FD7976F3CA3 /* Pods-FGMDTestDemo.debug.xcconfig */,
				DF41F9F0F30E26C38D0A5331 /* Pods-FGMDTestDemo.release.xcconfig */,
			);
			path = Pods;
			sourceTree = "<group>";
		};
		F5A6A76B2555311700A87FA1 /* category */ = {
			isa = PBXGroup;
			children = (
				F5A6A76C2555319600A87FA1 /* UIControl+collectEvent.h */,
				F5A6A76D2555319600A87FA1 /* UIControl+collectEvent.m */,
				F5A6A7972556969000A87FA1 /* UIScrollView+collectEvent.h */,
				F5A6A7982556969000A87FA1 /* UIScrollView+collectEvent.m */,
				F5A6A77B2555551C00A87FA1 /* UIViewController+FGMD.h */,
				F5A6A77C2555551C00A87FA1 /* UIViewController+FGMD.m */,
				F5A6A7812555552C00A87FA1 /* UIView+FGMD.h */,
				F5A6A7822555552C00A87FA1 /* UIView+FGMD.m */,
				F5A6A7A325569DA700A87FA1 /* NSObject+runtime.h */,
				F5A6A7A425569DA700A87FA1 /* NSObject+runtime.m */,
			);
			path = category;
			sourceTree = "<group>";
		};
		F5A6A78725556FC500A87FA1 /* Tools */ = {
			isa = PBXGroup;
			children = (
				F5A6A7882555700C00A87FA1 /* FGMDConfig.h */,
				F5A6A7892555700C00A87FA1 /* FGMDConfig.m */,
			);
			path = Tools;
			sourceTree = "<group>";
		};
		F5E3F14E2553E6320059B056 = {
			isa = PBXGroup;
			children = (
				F5E3F1592553E6320059B056 /* FGMDTestDemo */,
				F5E3F1752553E6350059B056 /* FGMDTestDemoTests */,
				F5E3F1802553E6350059B056 /* FGMDTestDemoUITests */,
				F5E3F1582553E6320059B056 /* Products */,
				ACF1CE4753E4443C21A09295 /* Pods */,
				582BE374045ED5F71AD99591 /* Frameworks */,
			);
			sourceTree = "<group>";
		};
		F5E3F1582553E6320059B056 /* Products */ = {
			isa = PBXGroup;
			children = (
				F5E3F1572553E6320059B056 /* FGMDTestDemo.app */,
				F5E3F1722553E6350059B056 /* FGMDTestDemoTests.xctest */,
				F5E3F17D2553E6350059B056 /* FGMDTestDemoUITests.xctest */,
			);
			name = Products;
			sourceTree = "<group>";
		};
		F5E3F1592553E6320059B056 /* FGMDTestDemo */ = {
			isa = PBXGroup;
			children = (
				F5A6A78725556FC500A87FA1 /* Tools */,
				F5A6A76B2555311700A87FA1 /* category */,
				F5E3F19B2553F2D60059B056 /* Home */,
				F5E3F15A2553E6320059B056 /* AppDelegate.h */,
				F5E3F15B2553E6320059B056 /* AppDelegate.m */,
				F5E3F15D2553E6320059B056 /* SceneDelegate.h */,
				F5E3F15E2553E6320059B056 /* SceneDelegate.m */,
				F5E3F1632553E6320059B056 /* Main.storyboard */,
				F5E3F1662553E6350059B056 /* Assets.xcassets */,
				F5E3F1682553E6350059B056 /* LaunchScreen.storyboard */,
				F5E3F16B2553E6350059B056 /* Info.plist */,
				F5E3F16C2553E6350059B056 /* main.m */,
				F5A6A73C2554F7B600A87FA1 /* FGMDDemoPrefixHeader.pch */,
			);
			path = FGMDTestDemo;
			sourceTree = "<group>";
		};
		F5E3F1752553E6350059B056 /* FGMDTestDemoTests */ = {
			isa = PBXGroup;
			children = (
				F5E3F1762553E6350059B056 /* FGMDTestDemoTests.m */,
				F5E3F1782553E6350059B056 /* Info.plist */,
			);
			path = FGMDTestDemoTests;
			sourceTree = "<group>";
		};
		F5E3F1802553E6350059B056 /* FGMDTestDemoUITests */ = {
			isa = PBXGroup;
			children = (
				F5E3F1812553E6350059B056 /* FGMDTestDemoUITests.m */,
				F5E3F1832553E6350059B056 /* Info.plist */,
			);
			path = FGMDTestDemoUITests;
			sourceTree = "<group>";
		};
		F5E3F19B2553F2D60059B056 /* Home */ = {
			isa = PBXGroup;
			children = (
				F5A6A7362554F64200A87FA1 /* FGMDHomeListTableViewCell.h */,
				F5A6A7372554F64200A87FA1 /* FGMDHomeListTableViewCell.m */,
				F5E3F1A42553F6F80059B056 /* FGMDHomeListVC.h */,
				F5E3F1A52553F6F80059B056 /* FGMDHomeListVC.m */,
				F5A6A7652555220800A87FA1 /* FGMDTableIMP.h */,
				F5A6A7662555220800A87FA1 /* FGMDTableIMP.m */,
				F5A6A7752555416600A87FA1 /* FGMDTargetActionViewController.h */,
				F5A6A7762555416600A87FA1 /* FGMDTargetActionViewController.m */,
				F5A6A7912555736A00A87FA1 /* FGMDHandleView.h */,
				F5A6A7922555736A00A87FA1 /* FGMDHandleView.m */,
			);
			path = Home;
			sourceTree = "<group>";
		};
/* End PBXGroup section */

/* Begin PBXNativeTarget section */
		F5E3F1562553E6320059B056 /* FGMDTestDemo */ = {
			isa = PBXNativeTarget;
			buildConfigurationList = F5E3F1862553E6350059B056 /* Build configuration list for PBXNativeTarget "FGMDTestDemo" */;
			buildPhases = (
				DAB632AD94F1634EF907D3D6 /* [CP] Check Pods Manifest.lock */,
				F5E3F1532553E6320059B056 /* Sources */,
				F5E3F1542553E6320059B056 /* Frameworks */,
				F5E3F1552553E6320059B056 /* Resources */,
				388C04683EA75BAC78CCA407 /* [CP] Copy Pods Resources */,
			);
			buildRules = (
			);
			dependencies = (
			);
			name = FGMDTestDemo;
			productName = FGMDTestDemo;
			productReference = F5E3F1572553E6320059B056 /* FGMDTestDemo.app */;
			productType = "com.apple.product-type.application";
		};
		F5E3F1712553E6350059B056 /* FGMDTestDemoTests */ = {
			isa = PBXNativeTarget;
			buildConfigurationList = F5E3F1892553E6350059B056 /* Build configuration list for PBXNativeTarget "FGMDTestDemoTests" */;
			buildPhases = (
				F5E3F16E2553E6350059B056 /* Sources */,
				F5E3F16F2553E6350059B056 /* Frameworks */,
				F5E3F1702553E6350059B056 /* Resources */,
			);
			buildRules = (
			);
			dependencies = (
				F5E3F1742553E6350059B056 /* PBXTargetDependency */,
			);
			name = FGMDTestDemoTests;
			productName = FGMDTestDemoTests;
			productReference = F5E3F1722553E6350059B056 /* FGMDTestDemoTests.xctest */;
			productType = "com.apple.product-type.bundle.unit-test";
		};
		F5E3F17C2553E6350059B056 /* FGMDTestDemoUITests */ = {
			isa = PBXNativeTarget;
			buildConfigurationList = F5E3F18C2553E6350059B056 /* Build configuration list for PBXNativeTarget "FGMDTestDemoUITests" */;
			buildPhases = (
				F5E3F1792553E6350059B056 /* Sources */,
				F5E3F17A2553E6350059B056 /* Frameworks */,
				F5E3F17B2553E6350059B056 /* Resources */,
			);
			buildRules = (
			);
			dependencies = (
				F5E3F17F2553E6350059B056 /* PBXTargetDependency */,
			);
			name = FGMDTestDemoUITests;
			productName = FGMDTestDemoUITests;
			productReference = F5E3F17D2553E6350059B056 /* FGMDTestDemoUITests.xctest */;
			productType = "com.apple.product-type.bundle.ui-testing";
		};
/* End PBXNativeTarget section */

/* Begin PBXProject section */
		F5E3F14F2553E6320059B056 /* Project object */ = {
			isa = PBXProject;
			attributes = {
				LastUpgradeCheck = 1210;
				TargetAttributes = {
					F5E3F1562553E6320059B056 = {
						CreatedOnToolsVersion = 12.1;
					};
					F5E3F1712553E6350059B056 = {
						CreatedOnToolsVersion = 12.1;
						TestTargetID = F5E3F1562553E6320059B056;
					};
					F5E3F17C2553E6350059B056 = {
						CreatedOnToolsVersion = 12.1;
						TestTargetID = F5E3F1562553E6320059B056;
					};
				};
			};
			buildConfigurationList = F5E3F1522553E6320059B056 /* Build configuration list for PBXProject "FGMDTestDemo" */;
			compatibilityVersion = "Xcode 9.3";
			developmentRegion = en;
			hasScannedForEncodings = 0;
			knownRegions = (
				en,
				Base,
			);
			mainGroup = F5E3F14E2553E6320059B056;
			productRefGroup = F5E3F1582553E6320059B056 /* Products */;
			projectDirPath = "";
			projectRoot = "";
			targets = (
				F5E3F1562553E6320059B056 /* FGMDTestDemo */,
				F5E3F1712553E6350059B056 /* FGMDTestDemoTests */,
				F5E3F17C2553E6350059B056 /* FGMDTestDemoUITests */,
			);
		};
/* End PBXProject section */

/* Begin PBXResourcesBuildPhase section */
		F5E3F1552553E6320059B056 /* Resources */ = {
			isa = PBXResourcesBuildPhase;
			buildActionMask = 2147483647;
			files = (
				F5E3F16A2553E6350059B056 /* LaunchScreen.storyboard in Resources */,
				F5E3F1672553E6350059B056 /* Assets.xcassets in Resources */,
				F5E3F1652553E6320059B056 /* Main.storyboard in Resources */,
			);
			runOnlyForDeploymentPostprocessing = 0;
		};
		F5E3F1702553E6350059B056 /* Resources */ = {
			isa = PBXResourcesBuildPhase;
			buildActionMask = 2147483647;
			files = (
			);
			runOnlyForDeploymentPostprocessing = 0;
		};
		F5E3F17B2553E6350059B056 /* Resources */ = {
			isa = PBXResourcesBuildPhase;
			buildActionMask = 2147483647;
			files = (
			);
			runOnlyForDeploymentPostprocessing = 0;
		};
/* End PBXResourcesBuildPhase section */

/* Begin PBXShellScriptBuildPhase section */
		388C04683EA75BAC78CCA407 /* [CP] Copy Pods Resources */ = {
			isa = PBXShellScriptBuildPhase;
			buildActionMask = 2147483647;
			files = (
			);
			inputFileListPaths = (
				"${PODS_ROOT}/Target Support Files/Pods-FGMDTestDemo/Pods-FGMDTestDemo-resources-${CONFIGURATION}-input-files.xcfilelist",
			);
			name = "[CP] Copy Pods Resources";
			outputFileListPaths = (
				"${PODS_ROOT}/Target Support Files/Pods-FGMDTestDemo/Pods-FGMDTestDemo-resources-${CONFIGURATION}-output-files.xcfilelist",
			);
			runOnlyForDeploymentPostprocessing = 0;
			shellPath = /bin/sh;
			shellScript = "\"${PODS_ROOT}/Target Support Files/Pods-FGMDTestDemo/Pods-FGMDTestDemo-resources.sh\"\n";
			showEnvVarsInLog = 0;
		};
		DAB632AD94F1634EF907D3D6 /* [CP] Check Pods Manifest.lock */ = {
			isa = PBXShellScriptBuildPhase;
			buildActionMask = 2147483647;
			files = (
			);
			inputFileListPaths = (
			);
			inputPaths = (
				"${PODS_PODFILE_DIR_PATH}/Podfile.lock",
				"${PODS_ROOT}/Manifest.lock",
			);
			name = "[CP] Check Pods Manifest.lock";
			outputFileListPaths = (
			);
			outputPaths = (
				"$(DERIVED_FILE_DIR)/Pods-FGMDTestDemo-checkManifestLockResult.txt",
			);
			runOnlyForDeploymentPostprocessing = 0;
			shellPath = /bin/sh;
			shellScript = "diff \"${PODS_PODFILE_DIR_PATH}/Podfile.lock\" \"${PODS_ROOT}/Manifest.lock\" > /dev/null\nif [ $? != 0 ] ; then\n    # print error to STDERR\n    echo \"error: The sandbox is not in sync with the Podfile.lock. Run 'pod install' or update your CocoaPods installation.\" >&2\n    exit 1\nfi\n# This output is used by Xcode 'outputs' to avoid re-running this script phase.\necho \"SUCCESS\" > \"${SCRIPT_OUTPUT_FILE_0}\"\n";
			showEnvVarsInLog = 0;
		};
/* End PBXShellScriptBuildPhase section */

/* Begin PBXSourcesBuildPhase section */
		F5E3F1532553E6320059B056 /* Sources */ = {
			isa = PBXSourcesBuildPhase;
			buildActionMask = 2147483647;
			files = (
				F5E3F1A62553F6F80059B056 /* FGMDHomeListVC.m in Sources */,
				F5E3F15C2553E6320059B056 /* AppDelegate.m in Sources */,
				F5A6A7772555416600A87FA1 /* FGMDTargetActionViewController.m in Sources */,
				F5A6A7992556969000A87FA1 /* UIScrollView+collectEvent.m in Sources */,
				F5A6A7A525569DA700A87FA1 /* NSObject+runtime.m in Sources */,
				F5E3F16D2553E6350059B056 /* main.m in Sources */,
				F5A6A7672555220800A87FA1 /* FGMDTableIMP.m in Sources */,
				F5A6A78A2555700C00A87FA1 /* FGMDConfig.m in Sources */,
				F5A6A7382554F64200A87FA1 /* FGMDHomeListTableViewCell.m in Sources */,
				F5E3F15F2553E6320059B056 /* SceneDelegate.m in Sources */,
				F5A6A7932555736A00A87FA1 /* FGMDHandleView.m in Sources */,
				F5A6A76E2555319600A87FA1 /* UIControl+collectEvent.m in Sources */,
				F5A6A7832555552C00A87FA1 /* UIView+FGMD.m in Sources */,
				F5A6A77D2555551C00A87FA1 /* UIViewController+FGMD.m in Sources */,
			);
			runOnlyForDeploymentPostprocessing = 0;
		};
		F5E3F16E2553E6350059B056 /* Sources */ = {
			isa = PBXSourcesBuildPhase;
			buildActionMask = 2147483647;
			files = (
				F5E3F1772553E6350059B056 /* FGMDTestDemoTests.m in Sources */,
			);
			runOnlyForDeploymentPostprocessing = 0;
		};
		F5E3F1792553E6350059B056 /* Sources */ = {
			isa = PBXSourcesBuildPhase;
			buildActionMask = 2147483647;
			files = (
				F5E3F1822553E6350059B056 /* FGMDTestDemoUITests.m in Sources */,
			);
			runOnlyForDeploymentPostprocessing = 0;
		};
/* End PBXSourcesBuildPhase section */

/* Begin PBXTargetDependency section */
		F5E3F1742553E6350059B056 /* PBXTargetDependency */ = {
			isa = PBXTargetDependency;
			target = F5E3F1562553E6320059B056 /* FGMDTestDemo */;
			targetProxy = F5E3F1732553E6350059B056 /* PBXContainerItemProxy */;
		};
		F5E3F17F2553E6350059B056 /* PBXTargetDependency */ = {
			isa = PBXTargetDependency;
			target = F5E3F1562553E6320059B056 /* FGMDTestDemo */;
			targetProxy = F5E3F17E2553E6350059B056 /* PBXContainerItemProxy */;
		};
/* End PBXTargetDependency section */

/* Begin PBXVariantGroup section */
		F5E3F1632553E6320059B056 /* Main.storyboard */ = {
			isa = PBXVariantGroup;
			children = (
				F5E3F1642553E6320059B056 /* Base */,
			);
			name = Main.storyboard;
			sourceTree = "<group>";
		};
		F5E3F1682553E6350059B056 /* LaunchScreen.storyboard */ = {
			isa = PBXVariantGroup;
			children = (
				F5E3F1692553E6350059B056 /* Base */,
			);
			name = LaunchScreen.storyboard;
			sourceTree = "<group>";
		};
/* End PBXVariantGroup section */

/* Begin XCBuildConfiguration section */
		F5E3F1842553E6350059B056 /* Debug */ = {
			isa = XCBuildConfiguration;
			buildSettings = {
				ALWAYS_SEARCH_USER_PATHS = NO;
				CLANG_ANALYZER_NONNULL = YES;
				CLANG_ANALYZER_NUMBER_OBJECT_CONVERSION = YES_AGGRESSIVE;
				CLANG_CXX_LANGUAGE_STANDARD = "gnu++14";
				CLANG_CXX_LIBRARY = "libc++";
				CLANG_ENABLE_MODULES = YES;
				CLANG_ENABLE_OBJC_ARC = YES;
				CLANG_ENABLE_OBJC_WEAK = YES;
				CLANG_WARN_BLOCK_CAPTURE_AUTORELEASING = YES;
				CLANG_WARN_BOOL_CONVERSION = YES;
				CLANG_WARN_COMMA = YES;
				CLANG_WARN_CONSTANT_CONVERSION = YES;
				CLANG_WARN_DEPRECATED_OBJC_IMPLEMENTATIONS = YES;
				CLANG_WARN_DIRECT_OBJC_ISA_USAGE = YES_ERROR;
				CLANG_WARN_DOCUMENTATION_COMMENTS = YES;
				CLANG_WARN_EMPTY_BODY = YES;
				CLANG_WARN_ENUM_CONVERSION = YES;
				CLANG_WARN_INFINITE_RECURSION = YES;
				CLANG_WARN_INT_CONVERSION = YES;
				CLANG_WARN_NON_LITERAL_NULL_CONVERSION = YES;
				CLANG_WARN_OBJC_IMPLICIT_RETAIN_SELF = YES;
				CLANG_WARN_OBJC_LITERAL_CONVERSION = YES;
				CLANG_WARN_OBJC_ROOT_CLASS = YES_ERROR;
				CLANG_WARN_QUOTED_INCLUDE_IN_FRAMEWORK_HEADER = YES;
				CLANG_WARN_RANGE_LOOP_ANALYSIS = YES;
				CLANG_WARN_STRICT_PROTOTYPES = YES;
				CLANG_WARN_SUSPICIOUS_MOVE = YES;
				CLANG_WARN_UNGUARDED_AVAILABILITY = YES_AGGRESSIVE;
				CLANG_WARN_UNREACHABLE_CODE = YES;
				CLANG_WARN__DUPLICATE_METHOD_MATCH = YES;
				COPY_PHASE_STRIP = NO;
				DEBUG_INFORMATION_FORMAT = dwarf;
				ENABLE_STRICT_OBJC_MSGSEND = YES;
				ENABLE_TESTABILITY = YES;
				GCC_C_LANGUAGE_STANDARD = gnu11;
				GCC_DYNAMIC_NO_PIC = NO;
				GCC_NO_COMMON_BLOCKS = YES;
				GCC_OPTIMIZATION_LEVEL = 0;
				GCC_PREPROCESSOR_DEFINITIONS = (
					"DEBUG=1",
					"$(inherited)",
				);
				GCC_WARN_64_TO_32_BIT_CONVERSION = YES;
				GCC_WARN_ABOUT_RETURN_TYPE = YES_ERROR;
				GCC_WARN_UNDECLARED_SELECTOR = YES;
				GCC_WARN_UNINITIALIZED_AUTOS = YES_AGGRESSIVE;
				GCC_WARN_UNUSED_FUNCTION = YES;
				GCC_WARN_UNUSED_VARIABLE = YES;
				IPHONEOS_DEPLOYMENT_TARGET = 14.1;
				MTL_ENABLE_DEBUG_INFO = INCLUDE_SOURCE;
				MTL_FAST_MATH = YES;
				ONLY_ACTIVE_ARCH = YES;
				SDKROOT = iphoneos;
			};
			name = Debug;
		};
		F5E3F1852553E6350059B056 /* Release */ = {
			isa = XCBuildConfiguration;
			buildSettings = {
				ALWAYS_SEARCH_USER_PATHS = NO;
				CLANG_ANALYZER_NONNULL = YES;
				CLANG_ANALYZER_NUMBER_OBJECT_CONVERSION = YES_AGGRESSIVE;
				CLANG_CXX_LANGUAGE_STANDARD = "gnu++14";
				CLANG_CXX_LIBRARY = "libc++";
				CLANG_ENABLE_MODULES = YES;
				CLANG_ENABLE_OBJC_ARC = YES;
				CLANG_ENABLE_OBJC_WEAK = YES;
				CLANG_WARN_BLOCK_CAPTURE_AUTORELEASING = YES;
				CLANG_WARN_BOOL_CONVERSION = YES;
				CLANG_WARN_COMMA = YES;
				CLANG_WARN_CONSTANT_CONVERSION = YES;
				CLANG_WARN_DEPRECATED_OBJC_IMPLEMENTATIONS = YES;
				CLANG_WARN_DIRECT_OBJC_ISA_USAGE = YES_ERROR;
				CLANG_WARN_DOCUMENTATION_COMMENTS = YES;
				CLANG_WARN_EMPTY_BODY = YES;
				CLANG_WARN_ENUM_CONVERSION = YES;
				CLANG_WARN_INFINITE_RECURSION = YES;
				CLANG_WARN_INT_CONVERSION = YES;
				CLANG_WARN_NON_LITERAL_NULL_CONVERSION = YES;
				CLANG_WARN_OBJC_IMPLICIT_RETAIN_SELF = YES;
				CLANG_WARN_OBJC_LITERAL_CONVERSION = YES;
				CLANG_WARN_OBJC_ROOT_CLASS = YES_ERROR;
				CLANG_WARN_QUOTED_INCLUDE_IN_FRAMEWORK_HEADER = YES;
				CLANG_WARN_RANGE_LOOP_ANALYSIS = YES;
				CLANG_WARN_STRICT_PROTOTYPES = YES;
				CLANG_WARN_SUSPICIOUS_MOVE = YES;
				CLANG_WARN_UNGUARDED_AVAILABILITY = YES_AGGRESSIVE;
				CLANG_WARN_UNREACHABLE_CODE = YES;
				CLANG_WARN__DUPLICATE_METHOD_MATCH = YES;
				COPY_PHASE_STRIP = NO;
				DEBUG_INFORMATION_FORMAT = "dwarf-with-dsym";
				ENABLE_NS_ASSERTIONS = NO;
				ENABLE_STRICT_OBJC_MSGSEND = YES;
				GCC_C_LANGUAGE_STANDARD = gnu11;
				GCC_NO_COMMON_BLOCKS = YES;
				GCC_WARN_64_TO_32_BIT_CONVERSION = YES;
				GCC_WARN_ABOUT_RETURN_TYPE = YES_ERROR;
				GCC_WARN_UNDECLARED_SELECTOR = YES;
				GCC_WARN_UNINITIALIZED_AUTOS = YES_AGGRESSIVE;
				GCC_WARN_UNUSED_FUNCTION = YES;
				GCC_WARN_UNUSED_VARIABLE = YES;
				IPHONEOS_DEPLOYMENT_TARGET = 14.1;
				MTL_ENABLE_DEBUG_INFO = NO;
				MTL_FAST_MATH = YES;
				SDKROOT = iphoneos;
				VALIDATE_PRODUCT = YES;
			};
			name = Release;
		};
		F5E3F1872553E6350059B056 /* Debug */ = {
			isa = XCBuildConfiguration;
			baseConfigurationReference = 4D73085DF4518FD7976F3CA3 /* Pods-FGMDTestDemo.debug.xcconfig */;
			buildSettings = {
				ASSETCATALOG_COMPILER_APPICON_NAME = AppIcon;
				ASSETCATALOG_COMPILER_GLOBAL_ACCENT_COLOR_NAME = AccentColor;
				CODE_SIGN_STYLE = Automatic;
				DEVELOPMENT_TEAM = DY9P84KR3B;
				GCC_PRECOMPILE_PREFIX_HEADER = YES;
				GCC_PREFIX_HEADER = "$(SRCROOT)/FGMDTestDemo/FGMDDemoPrefixHeader.pch";
				INFOPLIST_FILE = FGMDTestDemo/Info.plist;
				IPHONEOS_DEPLOYMENT_TARGET = 10.0;
				LD_RUNPATH_SEARCH_PATHS = (
					"$(inherited)",
					"@executable_path/Frameworks",
				);
				PRODUCT_BUNDLE_IDENTIFIER = com.ifungeek.www.FGMDTestDemo;
				PRODUCT_NAME = "$(TARGET_NAME)";
				TARGETED_DEVICE_FAMILY = 1;
			};
			name = Debug;
		};
		F5E3F1882553E6350059B056 /* Release */ = {
			isa = XCBuildConfiguration;
			baseConfigurationReference = DF41F9F0F30E26C38D0A5331 /* Pods-FGMDTestDemo.release.xcconfig */;
			buildSettings = {
				ASSETCATALOG_COMPILER_APPICON_NAME = AppIcon;
				ASSETCATALOG_COMPILER_GLOBAL_ACCENT_COLOR_NAME = AccentColor;
				CODE_SIGN_STYLE = Automatic;
				DEVELOPMENT_TEAM = DY9P84KR3B;
				GCC_PRECOMPILE_PREFIX_HEADER = YES;
				GCC_PREFIX_HEADER = "$(SRCROOT)/FGMDTestDemo/FGMDDemoPrefixHeader.pch";
				INFOPLIST_FILE = FGMDTestDemo/Info.plist;
				IPHONEOS_DEPLOYMENT_TARGET = 10.0;
				LD_RUNPATH_SEARCH_PATHS = (
					"$(inherited)",
					"@executable_path/Frameworks",
				);
				PRODUCT_BUNDLE_IDENTIFIER = com.ifungeek.www.FGMDTestDemo;
				PRODUCT_NAME = "$(TARGET_NAME)";
				TARGETED_DEVICE_FAMILY = 1;
			};
			name = Release;
		};
		F5E3F18A2553E6350059B056 /* Debug */ = {
			isa = XCBuildConfiguration;
			buildSettings = {
				BUNDLE_LOADER = "$(TEST_HOST)";
				CODE_SIGN_STYLE = Automatic;
				INFOPLIST_FILE = FGMDTestDemoTests/Info.plist;
				IPHONEOS_DEPLOYMENT_TARGET = 14.1;
				LD_RUNPATH_SEARCH_PATHS = (
					"$(inherited)",
					"@executable_path/Frameworks",
					"@loader_path/Frameworks",
				);
				PRODUCT_BUNDLE_IDENTIFIER = com.ifungeek.www.FGMDTestDemoTests;
				PRODUCT_NAME = "$(TARGET_NAME)";
				TARGETED_DEVICE_FAMILY = "1,2";
				TEST_HOST = "$(BUILT_PRODUCTS_DIR)/FGMDTestDemo.app/FGMDTestDemo";
			};
			name = Debug;
		};
		F5E3F18B2553E6350059B056 /* Release */ = {
			isa = XCBuildConfiguration;
			buildSettings = {
				BUNDLE_LOADER = "$(TEST_HOST)";
				CODE_SIGN_STYLE = Automatic;
				INFOPLIST_FILE = FGMDTestDemoTests/Info.plist;
				IPHONEOS_DEPLOYMENT_TARGET = 14.1;
				LD_RUNPATH_SEARCH_PATHS = (
					"$(inherited)",
					"@executable_path/Frameworks",
					"@loader_path/Frameworks",
				);
				PRODUCT_BUNDLE_IDENTIFIER = com.ifungeek.www.FGMDTestDemoTests;
				PRODUCT_NAME = "$(TARGET_NAME)";
				TARGETED_DEVICE_FAMILY = "1,2";
				TEST_HOST = "$(BUILT_PRODUCTS_DIR)/FGMDTestDemo.app/FGMDTestDemo";
			};
			name = Release;
		};
		F5E3F18D2553E6350059B056 /* Debug */ = {
			isa = XCBuildConfiguration;
			buildSettings = {
				CODE_SIGN_STYLE = Automatic;
				INFOPLIST_FILE = FGMDTestDemoUITests/Info.plist;
				LD_RUNPATH_SEARCH_PATHS = (
					"$(inherited)",
					"@executable_path/Frameworks",
					"@loader_path/Frameworks",
				);
				PRODUCT_BUNDLE_IDENTIFIER = com.ifungeek.www.FGMDTestDemoUITests;
				PRODUCT_NAME = "$(TARGET_NAME)";
				TARGETED_DEVICE_FAMILY = "1,2";
				TEST_TARGET_NAME = FGMDTestDemo;
			};
			name = Debug;
		};
		F5E3F18E2553E6350059B056 /* Release */ = {
			isa = XCBuildConfiguration;
			buildSettings = {
				CODE_SIGN_STYLE = Automatic;
				INFOPLIST_FILE = FGMDTestDemoUITests/Info.plist;
				LD_RUNPATH_SEARCH_PATHS = (
					"$(inherited)",
					"@executable_path/Frameworks",
					"@loader_path/Frameworks",
				);
				PRODUCT_BUNDLE_IDENTIFIER = com.ifungeek.www.FGMDTestDemoUITests;
				PRODUCT_NAME = "$(TARGET_NAME)";
				TARGETED_DEVICE_FAMILY = "1,2";
				TEST_TARGET_NAME = FGMDTestDemo;
			};
			name = Release;
		};
/* End XCBuildConfiguration section */

/* Begin XCConfigurationList section */
		F5E3F1522553E6320059B056 /* Build configuration list for PBXProject "FGMDTestDemo" */ = {
			isa = XCConfigurationList;
			buildConfigurations = (
				F5E3F1842553E6350059B056 /* Debug */,
				F5E3F1852553E6350059B056 /* Release */,
			);
			defaultConfigurationIsVisible = 0;
			defaultConfigurationName = Release;
		};
		F5E3F1862553E6350059B056 /* Build configuration list for PBXNativeTarget "FGMDTestDemo" */ = {
			isa = XCConfigurationList;
			buildConfigurations = (
				F5E3F1872553E6350059B056 /* Debug */,
				F5E3F1882553E6350059B056 /* Release */,
			);
			defaultConfigurationIsVisible = 0;
			defaultConfigurationName = Release;
		};
		F5E3F1892553E6350059B056 /* Build configuration list for PBXNativeTarget "FGMDTestDemoTests" */ = {
			isa = XCConfigurationList;
			buildConfigurations = (
				F5E3F18A2553E6350059B056 /* Debug */,
				F5E3F18B2553E6350059B056 /* Release */,
			);
			defaultConfigurationIsVisible = 0;
			defaultConfigurationName = Release;
		};
		F5E3F18C2553E6350059B056 /* Build configuration list for PBXNativeTarget "FGMDTestDemoUITests" */ = {
			isa = XCConfigurationList;
			buildConfigurations = (
				F5E3F18D2553E6350059B056 /* Debug */,
				F5E3F18E2553E6350059B056 /* Release */,
			);
			defaultConfigurationIsVisible = 0;
			defaultConfigurationName = Release;
		};
/* End XCConfigurationList section */
	};
	rootObject = F5E3F14F2553E6320059B056 /* Project object */;
}
